
Microsoft Visual Studio Solution File, Format Version 12.00
# Visual Studio 14
VisualStudioVersion = 14.0.23107.0
MinimumVisualStudioVersion = 10.0.40219.1
Project("{FAE04EC0-301F-11D3-BF4B-00C04F79EFBC}") = "FinalProject", "FinalProject\FinalProject.csproj", "{6C9481E3-2ED5-4E2C-8C60-BD66C2F283B3}"
EndProject
Project("{FAE04EC0-301F-11D3-BF4B-00C04F79EFBC}") = "MyLoggerLib", "MyLoggerLib\MyLoggerLib.csproj", "{BB7CA7F9-C872-4160-9CDD-3FC29E01211E}"
EndProject
Project("{FAE04EC0-301F-11D3-BF4B-00C04F79EFBC}") = "UnitTesting", "UnitTesting\UnitTesting.csproj", "{D6C51B8E-A5E8-4CA9-A38E-73826A5EFF11}"
EndProject
Project("{FAE04EC0-301F-11D3-BF4B-00C04F79EFBC}") = "MySecurityLib", "MySecurityLib\MySecurityLib.csproj", "{7DDBCEDE-ADA1-44DE-9D3D-B06FCE69B890}"
EndProject
Project("{FAE04EC0-301F-11D3-BF4B-00C04F79EFBC}") = "MyUnitTestProject", "MyUnitTestProject\MyUnitTestProject.csproj", "{937A7095-D8D6-48A9-82ED-1C30CA70207D}"
EndProject
Global
	GlobalSection(SolutionConfigurationPlatforms) = preSolution
		Debug|Any CPU = Debug|Any CPU
		Release|Any CPU = Release|Any CPU
	EndGlobalSection
	GlobalSection(ProjectConfigurationPlatforms) = postSolution
		{6C9481E3-2ED5-4E2C-8C60-BD66C2F283B3}.Debug|Any CPU.ActiveCfg = Debug|Any CPU
		{6C9481E3-2ED5-4E2C-8C60-BD66C2F283B3}.Debug|Any CPU.Build.0 = Debug|Any CPU
		{6C9481E3-2ED5-4E2C-8C60-BD66C2F283B3}.Release|Any CPU.ActiveCfg = Release|Any CPU
		{6C9481E3-2ED5-4E2C-8C60-BD66C2F283B3}.Release|Any CPU.Build.0 = Release|Any CPU
		{BB7CA7F9-C872-4160-9CDD-3FC29E01211E}.Debug|Any CPU.ActiveCfg = Debug|Any CPU
		{BB7CA7F9-C872-4160-9CDD-3FC29E01211E}.Debug|Any CPU.Build.0 = Debug|Any CPU
		{BB7CA7F9-C872-4160-9CDD-3FC29E01211E}.Release|Any CPU.ActiveCfg = Release|Any CPU
		{BB7CA7F9-C872-4160-9CDD-3FC29E01211E}.Release|Any CPU.Build.0 = Release|Any CPU
		{D6C51B8E-A5E8-4CA9-A38E-73826A5EFF11}.Debug|Any CPU.ActiveCfg = Debug|Any CPU
		{D6C51B8E-A5E8-4CA9-A38E-73826A5EFF11}.Debug|Any CPU.Build.0 = Debug|Any CPU
		{D6C51B8E-A5E8-4CA9-A38E-73826A5EFF11}.Release|Any CPU.ActiveCfg = Release|Any CPU
		{D6C51B8E-A5E8-4CA9-A38E-73826A5EFF11}.Release|Any CPU.Build.0 = Release|Any CPU
		{7DDBCEDE-ADA1-44DE-9D3D-B06FCE69B890}.Debug|Any CPU.ActiveCfg = Debug|Any CPU
		{7DDBCEDE-ADA1-44DE-9D3D-B06FCE69B890}.Debug|Any CPU.Build.0 = Debug|Any CPU
		{7DDBCEDE-ADA1-44DE-9D3D-B06FCE69B890}.Release|Any CPU.ActiveCfg = Release|Any CPU
		{7DDBCEDE-ADA1-44DE-9D3D-B06FCE69B890}.Release|Any CPU.Build.0 = Release|Any CPU
		{937A7095-D8D6-48A9-82ED-1C30CA70207D}.Debug|Any CPU.ActiveCfg = Debug|Any CPU
		{937A7095-D8D6-48A9-82ED-1C30CA70207D}.Debug|Any CPU.Build.0 = Debug|Any CPU
		{937A7095-D8D6-48A9-82ED-1C30CA70207D}.Release|Any CPU.ActiveCfg = Release|Any CPU
		{937A7095-D8D6-48A9-82ED-1C30CA70207D}.Release|Any CPU.Build.0 = Release|Any CPU
	EndGlobalSection
	GlobalSection(SolutionProperties) = preSolution
		HideSolutionNode = FALSE
	EndGlobalSection
EndGlobal
